
Microsoft Visual Studio Solution File, Format Version 12.00
# Visual Studio Version 17
VisualStudioVersion = 17.5.33516.290
MinimumVisualStudioVersion = 10.0.40219.1
Project("{FAE04EC0-301F-11D3-BF4B-00C04F79EFBC}") = "sayiTahminOyunu", "sayiTahminOyunu.csproj", "{F2CA7FC6-6CA9-4FB2-98A9-06B29991DE58}"
EndProject
Global
	GlobalSection(SolutionConfigurationPlatforms) = preSolution
		Debug|Any CPU = Debug|Any CPU
		Release|Any CPU = Release|Any CPU
	EndGlobalSection
	GlobalSection(ProjectConfigurationPlatforms) = postSolution
		{F2CA7FC6-6CA9-4FB2-98A9-06B29991DE58}.Debug|Any CPU.ActiveCfg = Debug|Any CPU
		{F2CA7FC6-6CA9-4FB2-98A9-06B29991DE58}.Debug|Any CPU.Build.0 = Debug|Any CPU
		{F2CA7FC6-6CA9-4FB2-98A9-06B29991DE58}.Release|Any CPU.ActiveCfg = Release|Any CPU
		{F2CA7FC6-6CA9-4FB2-98A9-06B29991DE58}.Release|Any CPU.Build.0 = Release|Any CPU
	EndGlobalSection
	GlobalSection(SolutionProperties) = preSolution
		HideSolutionNode = FALSE
	EndGlobalSection
	GlobalSection(ExtensibilityGlobals) = postSolution
		SolutionGuid = {ACEB14DE-0FDC-45C5-9C72-5442F7C9AC15}
	EndGlobalSection
EndGlobal
